
Microsoft Visual Studio Solution File, Format Version 12.00
# Visual Studio Version 17
VisualStudioVersion = 17.0.31903.59
MinimumVisualStudioVersion = 10.0.40219.1
Project("{2150E333-8FDC-42A3-9474-1A3956D46DE8}") = "src", "src", "{827E0CD3-B72D-47B6-A68D-7590B98EB39B}"
EndProject
Project("{FAE04EC0-301F-11D3-BF4B-00C04F79EFBC}") = "Filo.Api", "src\Filo.Api\Filo.Api.csproj", "{E11B6A87-41A0-4573-950F-51E3ADA8962E}"
EndProject
Project("{FAE04EC0-301F-11D3-BF4B-00C04F79EFBC}") = "Filo.Application", "src\Filo.Application\Filo.Application.csproj", "{CC538D00-85C2-48ED-B2E5-27808CD6B58C}"
EndProject
Project("{FAE04EC0-301F-11D3-BF4B-00C04F79EFBC}") = "Filo.Domain", "src\Filo.Domain\Filo.Domain.csproj", "{34808DD7-C68A-44F2-8C7B-A95C0345464D}"
EndProject
Project("{FAE04EC0-301F-11D3-BF4B-00C04F79EFBC}") = "Filo.Common", "src\Filo.Common\Filo.Common.csproj", "{C4C2EED8-8604-461E-AC5F-721290F02917}"
EndProject
Project("{FAE04EC0-301F-11D3-BF4B-00C04F79EFBC}") = "Filo.Infrastructure", "src\Filo.Infrastructure\Filo.Infrastructure.csproj", "{A584921F-E466-478C-8316-BD10DFEBFC5F}"
EndProject
Project("{2150E333-8FDC-42A3-9474-1A3956D46DE8}") = "tests", "tests", "{0AB3BF05-4346-4AA6-1389-037BE0695223}"
EndProject
Project("{FAE04EC0-301F-11D3-BF4B-00C04F79EFBC}") = "Filo.IntegrationTests", "tests\Filo.IntegrationTests\Filo.IntegrationTests.csproj", "{6C6732E6-C8B0-4D49-AB16-410C326C0CA2}"
EndProject
Project("{FAE04EC0-301F-11D3-BF4B-00C04F79EFBC}") = "Filo.UnitTests", "tests\Filo.UnitTests\Filo.UnitTests.csproj", "{99A145BF-5F03-4475-BACA-946A23258650}"
EndProject
Global
	GlobalSection(SolutionConfigurationPlatforms) = preSolution
		Debug|Any CPU = Debug|Any CPU
		Debug|x64 = Debug|x64
		Debug|x86 = Debug|x86
		Release|Any CPU = Release|Any CPU
		Release|x64 = Release|x64
		Release|x86 = Release|x86
	EndGlobalSection
	GlobalSection(ProjectConfigurationPlatforms) = postSolution
		{E11B6A87-41A0-4573-950F-51E3ADA8962E}.Debug|Any CPU.ActiveCfg = Debug|Any CPU
		{E11B6A87-41A0-4573-950F-51E3ADA8962E}.Debug|Any CPU.Build.0 = Debug|Any CPU
		{E11B6A87-41A0-4573-950F-51E3ADA8962E}.Debug|x64.ActiveCfg = Debug|Any CPU
		{E11B6A87-41A0-4573-950F-51E3ADA8962E}.Debug|x64.Build.0 = Debug|Any CPU
		{E11B6A87-41A0-4573-950F-51E3ADA8962E}.Debug|x86.ActiveCfg = Debug|Any CPU
		{E11B6A87-41A0-4573-950F-51E3ADA8962E}.Debug|x86.Build.0 = Debug|Any CPU
		{E11B6A87-41A0-4573-950F-51E3ADA8962E}.Release|Any CPU.ActiveCfg = Release|Any CPU
		{E11B6A87-41A0-4573-950F-51E3ADA8962E}.Release|Any CPU.Build.0 = Release|Any CPU
		{E11B6A87-41A0-4573-950F-51E3ADA8962E}.Release|x64.ActiveCfg = Release|Any CPU
		{E11B6A87-41A0-4573-950F-51E3ADA8962E}.Release|x64.Build.0 = Release|Any CPU
		{E11B6A87-41A0-4573-950F-51E3ADA8962E}.Release|x86.ActiveCfg = Release|Any CPU
		{E11B6A87-41A0-4573-950F-51E3ADA8962E}.Release|x86.Build.0 = Release|Any CPU
		{CC538D00-85C2-48ED-B2E5-27808CD6B58C}.Debug|Any CPU.ActiveCfg = Debug|Any CPU
		{CC538D00-85C2-48ED-B2E5-27808CD6B58C}.Debug|Any CPU.Build.0 = Debug|Any CPU
		{CC538D00-85C2-48ED-B2E5-27808CD6B58C}.Debug|x64.ActiveCfg = Debug|Any CPU
		{CC538D00-85C2-48ED-B2E5-27808CD6B58C}.Debug|x64.Build.0 = Debug|Any CPU
		{CC538D00-85C2-48ED-B2E5-27808CD6B58C}.Debug|x86.ActiveCfg = Debug|Any CPU
		{CC538D00-85C2-48ED-B2E5-27808CD6B58C}.Debug|x86.Build.0 = Debug|Any CPU
		{CC538D00-85C2-48ED-B2E5-27808CD6B58C}.Release|Any CPU.ActiveCfg = Release|Any CPU
		{CC538D00-85C2-48ED-B2E5-27808CD6B58C}.Release|Any CPU.Build.0 = Release|Any CPU
		{CC538D00-85C2-48ED-B2E5-27808CD6B58C}.Release|x64.ActiveCfg = Release|Any CPU
		{CC538D00-85C2-48ED-B2E5-27808CD6B58C}.Release|x64.Build.0 = Release|Any CPU
		{CC538D00-85C2-48ED-B2E5-27808CD6B58C}.Release|x86.ActiveCfg = Release|Any CPU
		{CC538D00-85C2-48ED-B2E5-27808CD6B58C}.Release|x86.Build.0 = Release|Any CPU
		{34808DD7-C68A-44F2-8C7B-A95C0345464D}.Debug|Any CPU.ActiveCfg = Debug|Any CPU
		{34808DD7-C68A-44F2-8C7B-A95C0345464D}.Debug|Any CPU.Build.0 = Debug|Any CPU
		{34808DD7-C68A-44F2-8C7B-A95C0345464D}.Debug|x64.ActiveCfg = Debug|Any CPU
		{34808DD7-C68A-44F2-8C7B-A95C0345464D}.Debug|x64.Build.0 = Debug|Any CPU
		{34808DD7-C68A-44F2-8C7B-A95C0345464D}.Debug|x86.ActiveCfg = Debug|Any CPU
		{34808DD7-C68A-44F2-8C7B-A95C0345464D}.Debug|x86.Build.0 = Debug|Any CPU
		{34808DD7-C68A-44F2-8C7B-A95C0345464D}.Release|Any CPU.ActiveCfg = Release|Any CPU
		{34808DD7-C68A-44F2-8C7B-A95C0345464D}.Release|Any CPU.Build.0 = Release|Any CPU
		{34808DD7-C68A-44F2-8C7B-A95C0345464D}.Release|x64.ActiveCfg = Release|Any CPU
		{34808DD7-C68A-44F2-8C7B-A95C0345464D}.Release|x64.Build.0 = Release|Any CPU
		{34808DD7-C68A-44F2-8C7B-A95C0345464D}.Release|x86.ActiveCfg = Release|Any CPU
		{34808DD7-C68A-44F2-8C7B-A95C0345464D}.Release|x86.Build.0 = Release|Any CPU
		{C4C2EED8-8604-461E-AC5F-721290F02917}.Debug|Any CPU.ActiveCfg = Debug|Any CPU
		{C4C2EED8-8604-461E-AC5F-721290F02917}.Debug|Any CPU.Build.0 = Debug|Any CPU
		{C4C2EED8-8604-461E-AC5F-721290F02917}.Debug|x64.ActiveCfg = Debug|Any CPU
		{C4C2EED8-8604-461E-AC5F-721290F02917}.Debug|x64.Build.0 = Debug|Any CPU
		{C4C2EED8-8604-461E-AC5F-721290F02917}.Debug|x86.ActiveCfg = Debug|Any CPU
		{C4C2EED8-8604-461E-AC5F-721290F02917}.Debug|x86.Build.0 = Debug|Any CPU
		{C4C2EED8-8604-461E-AC5F-721290F02917}.Release|Any CPU.ActiveCfg = Release|Any CPU
		{C4C2EED8-8604-461E-AC5F-721290F02917}.Release|Any CPU.Build.0 = Release|Any CPU
		{C4C2EED8-8604-461E-AC5F-721290F02917}.Release|x64.ActiveCfg = Release|Any CPU
		{C4C2EED8-8604-461E-AC5F-721290F02917}.Release|x64.Build.0 = Release|Any CPU
		{C4C2EED8-8604-461E-AC5F-721290F02917}.Release|x86.ActiveCfg = Release|Any CPU
		{C4C2EED8-8604-461E-AC5F-721290F02917}.Release|x86.Build.0 = Release|Any CPU
		{A584921F-E466-478C-8316-BD10DFEBFC5F}.Debug|Any CPU.ActiveCfg = Debug|Any CPU
		{A584921F-E466-478C-8316-BD10DFEBFC5F}.Debug|Any CPU.Build.0 = Debug|Any CPU
		{A584921F-E466-478C-8316-BD10DFEBFC5F}.Debug|x64.ActiveCfg = Debug|Any CPU
		{A584921F-E466-478C-8316-BD10DFEBFC5F}.Debug|x64.Build.0 = Debug|Any CPU
		{A584921F-E466-478C-8316-BD10DFEBFC5F}.Debug|x86.ActiveCfg = Debug|Any CPU
		{A584921F-E466-478C-8316-BD10DFEBFC5F}.Debug|x86.Build.0 = Debug|Any CPU
		{A584921F-E466-478C-8316-BD10DFEBFC5F}.Release|Any CPU.ActiveCfg = Release|Any CPU
		{A584921F-E466-478C-8316-BD10DFEBFC5F}.Release|Any CPU.Build.0 = Release|Any CPU
		{A584921F-E466-478C-8316-BD10DFEBFC5F}.Release|x64.ActiveCfg = Release|Any CPU
		{A584921F-E466-478C-8316-BD10DFEBFC5F}.Release|x64.Build.0 = Release|Any CPU
		{A584921F-E466-478C-8316-BD10DFEBFC5F}.Release|x86.ActiveCfg = Release|Any CPU
		{A584921F-E466-478C-8316-BD10DFEBFC5F}.Release|x86.Build.0 = Release|Any CPU
		{6C6732E6-C8B0-4D49-AB16-410C326C0CA2}.Debug|Any CPU.ActiveCfg = Debug|Any CPU
		{6C6732E6-C8B0-4D49-AB16-410C326C0CA2}.Debug|Any CPU.Build.0 = Debug|Any CPU
		{6C6732E6-C8B0-4D49-AB16-410C326C0CA2}.Debug|x64.ActiveCfg = Debug|Any CPU
		{6C6732E6-C8B0-4D49-AB16-410C326C0CA2}.Debug|x64.Build.0 = Debug|Any CPU
		{6C6732E6-C8B0-4D49-AB16-410C326C0CA2}.Debug|x86.ActiveCfg = Debug|Any CPU
		{6C6732E6-C8B0-4D49-AB16-410C326C0CA2}.Debug|x86.Build.0 = Debug|Any CPU
		{6C6732E6-C8B0-4D49-AB16-410C326C0CA2}.Release|Any CPU.ActiveCfg = Release|Any CPU
		{6C6732E6-C8B0-4D49-AB16-410C326C0CA2}.Release|Any CPU.Build.0 = Release|Any CPU
		{6C6732E6-C8B0-4D49-AB16-410C326C0CA2}.Release|x64.ActiveCfg = Release|Any CPU
		{6C6732E6-C8B0-4D49-AB16-410C326C0CA2}.Release|x64.Build.0 = Release|Any CPU
		{6C6732E6-C8B0-4D49-AB16-410C326C0CA2}.Release|x86.ActiveCfg = Release|Any CPU
		{6C6732E6-C8B0-4D49-AB16-410C326C0CA2}.Release|x86.Build.0 = Release|Any CPU
		{99A145BF-5F03-4475-BACA-946A23258650}.Debug|Any CPU.ActiveCfg = Debug|Any CPU
		{99A145BF-5F03-4475-BACA-946A23258650}.Debug|Any CPU.Build.0 = Debug|Any CPU
		{99A145BF-5F03-4475-BACA-946A23258650}.Debug|x64.ActiveCfg = Debug|Any CPU
		{99A145BF-5F03-4475-BACA-946A23258650}.Debug|x64.Build.0 = Debug|Any CPU
		{99A145BF-5F03-4475-BACA-946A23258650}.Debug|x86.ActiveCfg = Debug|Any CPU
		{99A145BF-5F03-4475-BACA-946A23258650}.Debug|x86.Build.0 = Debug|Any CPU
		{99A145BF-5F03-4475-BACA-946A23258650}.Release|Any CPU.ActiveCfg = Release|Any CPU
		{99A145BF-5F03-4475-BACA-946A23258650}.Release|Any CPU.Build.0 = Release|Any CPU
		{99A145BF-5F03-4475-BACA-946A23258650}.Release|x64.ActiveCfg = Release|Any CPU
		{99A145BF-5F03-4475-BACA-946A23258650}.Release|x64.Build.0 = Release|Any CPU
		{99A145BF-5F03-4475-BACA-946A23258650}.Release|x86.ActiveCfg = Release|Any CPU
		{99A145BF-5F03-4475-BACA-946A23258650}.Release|x86.Build.0 = Release|Any CPU
	EndGlobalSection
	GlobalSection(SolutionProperties) = preSolution
		HideSolutionNode = FALSE
	EndGlobalSection
	GlobalSection(NestedProjects) = preSolution
		{E11B6A87-41A0-4573-950F-51E3ADA8962E} = {827E0CD3-B72D-47B6-A68D-7590B98EB39B}
		{CC538D00-85C2-48ED-B2E5-27808CD6B58C} = {827E0CD3-B72D-47B6-A68D-7590B98EB39B}
		{34808DD7-C68A-44F2-8C7B-A95C0345464D} = {827E0CD3-B72D-47B6-A68D-7590B98EB39B}
		{C4C2EED8-8604-461E-AC5F-721290F02917} = {827E0CD3-B72D-47B6-A68D-7590B98EB39B}
		{A584921F-E466-478C-8316-BD10DFEBFC5F} = {827E0CD3-B72D-47B6-A68D-7590B98EB39B}
		{6C6732E6-C8B0-4D49-AB16-410C326C0CA2} = {0AB3BF05-4346-4AA6-1389-037BE0695223}
		{99A145BF-5F03-4475-BACA-946A23258650} = {0AB3BF05-4346-4AA6-1389-037BE0695223}
	EndGlobalSection
EndGlobal
